{
  "socketPath": "\\\\.\\pipe\\mcp-6e09970c-ce02-45f8-9024-fd9be99e5acb.sock",
  "scheme": "pipe",
  "headers": {
    "Authorization": "Nonce 0198926d-1100-4df0-a121-753b85b2d749"
  },
  "pid": 21264,
  "ideName": "Visual Studio Code",
  "timestamp": 1779448377395,
  "workspaceFolders": [
    "c:\\Users\\李初尘\\.claude\\agent-hub"
  ],
  "isTrusted": true
}